
Microsoft Visual Studio Solution File, Format Version 12.00
# Visual Studio 15
VisualStudioVersion = 15.0.26730.8
MinimumVisualStudioVersion = 10.0.40219.1
Project("{9A19103F-16F7-4668-BE54-9A1E7A4F7556}") = "svn2gitnet", "src\svn2gitnet.csproj", "{7B83A5C6-6C24-414A-9260-D2F3B2EFA499}"
EndProject
Project("{9A19103F-16F7-4668-BE54-9A1E7A4F7556}") = "svn2gitnet.tests", "tests\svn2gitnet.tests.csproj", "{5527642E-FD0F-492D-9F4D-53C6A3DBCBB2}"
EndProject
Global
	GlobalSection(SolutionConfigurationPlatforms) = preSolution
		Debug|Any CPU = Debug|Any CPU
		Release|Any CPU = Release|Any CPU
	EndGlobalSection
	GlobalSection(ProjectConfigurationPlatforms) = postSolution
		{7B83A5C6-6C24-414A-9260-D2F3B2EFA499}.Debug|Any CPU.ActiveCfg = Debug|Any CPU
		{7B83A5C6-6C24-414A-9260-D2F3B2EFA499}.Debug|Any CPU.Build.0 = Debug|Any CPU
		{7B83A5C6-6C24-414A-9260-D2F3B2EFA499}.Release|Any CPU.ActiveCfg = Release|Any CPU
		{7B83A5C6-6C24-414A-9260-D2F3B2EFA499}.Release|Any CPU.Build.0 = Release|Any CPU
		{5527642E-FD0F-492D-9F4D-53C6A3DBCBB2}.Debug|Any CPU.ActiveCfg = Debug|Any CPU
		{5527642E-FD0F-492D-9F4D-53C6A3DBCBB2}.Debug|Any CPU.Build.0 = Debug|Any CPU
		{5527642E-FD0F-492D-9F4D-53C6A3DBCBB2}.Release|Any CPU.ActiveCfg = Release|Any CPU
		{5527642E-FD0F-492D-9F4D-53C6A3DBCBB2}.Release|Any CPU.Build.0 = Release|Any CPU
	EndGlobalSection
	GlobalSection(SolutionProperties) = preSolution
		HideSolutionNode = FALSE
	EndGlobalSection
	GlobalSection(ExtensibilityGlobals) = postSolution
		SolutionGuid = {D875ED95-FC5C-4718-BFED-FFF5835C741A}
	EndGlobalSection
EndGlobal
